
Microsoft Visual Studio Solution File, Format Version 12.00
Project("{FAE04EC0-301F-11D3-BF4B-00C04F79EFBC}") = "Overflow.AppHost", "Overflow.AppHost\Overflow.AppHost.csproj", "{69798992-976B-4ADD-A424-395B869A9232}"
EndProject
Project("{FAE04EC0-301F-11D3-BF4B-00C04F79EFBC}") = "Overflow.ServiceDefaults", "Overflow.ServiceDefaults\Overflow.ServiceDefaults.csproj", "{60627D16-3B74-4F00-8CA1-1E306E253C95}"
EndProject
Project("{2150E333-8FDC-42A3-9474-1A3956D46DE8}") = "services", "services", "{5F63ED55-1B00-4291-993F-9BB3518A6277}"
EndProject
Project("{FAE04EC0-301F-11D3-BF4B-00C04F79EFBC}") = "QuestionService", "QuestionService\QuestionService.csproj", "{21B4DA9D-6A61-4945-B40D-7B289A7B6792}"
EndProject
Project("{FAE04EC0-301F-11D3-BF4B-00C04F79EFBC}") = "SearchService", "SearchService\SearchService.csproj", "{C1ED38B6-61AC-4542-9347-965029DC2DFC}"
EndProject
Project("{2150E333-8FDC-42A3-9474-1A3956D46DE8}") = "common", "common", "{1DB9F61C-C298-4E99-8C04-FAC60027C322}"
EndProject
Project("{FAE04EC0-301F-11D3-BF4B-00C04F79EFBC}") = "Contracts", "Contracts\Contracts.csproj", "{CC19A908-4CA6-48EB-9216-F940B861241A}"
EndProject
Global
	GlobalSection(SolutionConfigurationPlatforms) = preSolution
		Debug|Any CPU = Debug|Any CPU
		Release|Any CPU = Release|Any CPU
	EndGlobalSection
	GlobalSection(ProjectConfigurationPlatforms) = postSolution
		{69798992-976B-4ADD-A424-395B869A9232}.Debug|Any CPU.ActiveCfg = Debug|Any CPU
		{69798992-976B-4ADD-A424-395B869A9232}.Debug|Any CPU.Build.0 = Debug|Any CPU
		{69798992-976B-4ADD-A424-395B869A9232}.Release|Any CPU.ActiveCfg = Release|Any CPU
		{69798992-976B-4ADD-A424-395B869A9232}.Release|Any CPU.Build.0 = Release|Any CPU
		{60627D16-3B74-4F00-8CA1-1E306E253C95}.Debug|Any CPU.ActiveCfg = Debug|Any CPU
		{60627D16-3B74-4F00-8CA1-1E306E253C95}.Debug|Any CPU.Build.0 = Debug|Any CPU
		{60627D16-3B74-4F00-8CA1-1E306E253C95}.Release|Any CPU.ActiveCfg = Release|Any CPU
		{60627D16-3B74-4F00-8CA1-1E306E253C95}.Release|Any CPU.Build.0 = Release|Any CPU
		{21B4DA9D-6A61-4945-B40D-7B289A7B6792}.Debug|Any CPU.ActiveCfg = Debug|Any CPU
		{21B4DA9D-6A61-4945-B40D-7B289A7B6792}.Debug|Any CPU.Build.0 = Debug|Any CPU
		{21B4DA9D-6A61-4945-B40D-7B289A7B6792}.Release|Any CPU.ActiveCfg = Release|Any CPU
		{21B4DA9D-6A61-4945-B40D-7B289A7B6792}.Release|Any CPU.Build.0 = Release|Any CPU
		{C1ED38B6-61AC-4542-9347-965029DC2DFC}.Debug|Any CPU.ActiveCfg = Debug|Any CPU
		{C1ED38B6-61AC-4542-9347-965029DC2DFC}.Debug|Any CPU.Build.0 = Debug|Any CPU
		{C1ED38B6-61AC-4542-9347-965029DC2DFC}.Release|Any CPU.ActiveCfg = Release|Any CPU
		{C1ED38B6-61AC-4542-9347-965029DC2DFC}.Release|Any CPU.Build.0 = Release|Any CPU
		{CC19A908-4CA6-48EB-9216-F940B861241A}.Debug|Any CPU.ActiveCfg = Debug|Any CPU
		{CC19A908-4CA6-48EB-9216-F940B861241A}.Debug|Any CPU.Build.0 = Debug|Any CPU
		{CC19A908-4CA6-48EB-9216-F940B861241A}.Release|Any CPU.ActiveCfg = Release|Any CPU
		{CC19A908-4CA6-48EB-9216-F940B861241A}.Release|Any CPU.Build.0 = Release|Any CPU
	EndGlobalSection
	GlobalSection(NestedProjects) = preSolution
		{21B4DA9D-6A61-4945-B40D-7B289A7B6792} = {5F63ED55-1B00-4291-993F-9BB3518A6277}
		{C1ED38B6-61AC-4542-9347-965029DC2DFC} = {5F63ED55-1B00-4291-993F-9BB3518A6277}
		{CC19A908-4CA6-48EB-9216-F940B861241A} = {1DB9F61C-C298-4E99-8C04-FAC60027C322}
	EndGlobalSection
EndGlobal
